// !$*UTF8*$!
{
	archiveVersion = 1;
	classes = {
	};
	objectVersion = 48;
	objects = {

/* Begin PBXBuildFile section */
		6319F63C203EA7F2001BEE5A /* LayoutFormula.swift in Sources */ = {isa = PBXBuildFile; fileRef = 6319F63B203EA7F2001BEE5A /* LayoutFormula.swift */; };
		6325AB5820295FD200D7672D /* AppDelegate.swift in Sources */ = {isa = PBXBuildFile; fileRef = 6325AB5720295FD200D7672D /* AppDelegate.swift */; };
		6325AB6120295FD200D7672D /* Assets.xcassets in Resources */ = {isa = PBXBuildFile; fileRef = 6325AB6020295FD200D7672D /* Assets.xcassets */; };
		6325AB6420295FD200D7672D /* LaunchScreen.storyboard in Resources */ = {isa = PBXBuildFile; fileRef = 6325AB6220295FD200D7672D /* LaunchScreen.storyboard */; };
		635756D52032998D0027909E /* CardInfoViewControlle.swift in Sources */ = {isa = PBXBuildFile; fileRef = 635756D42032998D0027909E /* CardInfoViewControlle.swift */; };
		71C570912033572400284040 /* ServantPhotoCell.swift in Sources */ = {isa = PBXBuildFile; fileRef = 71C570902033572400284040 /* ServantPhotoCell.swift */; };
		71F9942E202A0894009147E0 /* CardViewController.swift in Sources */ = {isa = PBXBuildFile; fileRef = 71F9942D202A0894009147E0 /* CardViewController.swift */; };
		71F99432202EFED2009147E0 /* CardCell.swift in Sources */ = {isa = PBXBuildFile; fileRef = 71F99431202EFED2009147E0 /* CardCell.swift */; };
/* End PBXBuildFile section */

/* Begin PBXFileReference section */
		6319F63B203EA7F2001BEE5A /* LayoutFormula.swift */ = {isa = PBXFileReference; lastKnownFileType = sourcecode.swift; path = LayoutFormula.swift; sourceTree = "<group>"; };
		6325AB5420295FD200D7672D /* FGOFinder.app */ = {isa = PBXFileReference; explicitFileType = wrapper.application; includeInIndex = 0; path = FGOFinder.app; sourceTree = BUILT_PRODUCTS_DIR; };
		6325AB5720295FD200D7672D /* AppDelegate.swift */ = {isa = PBXFileReference; lastKnownFileType = sourcecode.swift; path = AppDelegate.swift; sourceTree = "<group>"; };
		6325AB6020295FD200D7672D /* Assets.xcassets */ = {isa = PBXFileReference; lastKnownFileType = folder.assetcatalog; path = Assets.xcassets; sourceTree = "<group>"; };
		6325AB6320295FD200D7672D /* Base */ = {isa = PBXFileReference; lastKnownFileType = file.storyboard; name = Base; path = Base.lproj/LaunchScreen.storyboard; sourceTree = "<group>"; };
		6325AB6520295FD200D7672D /* Info.plist */ = {isa = PBXFileReference; lastKnownFileType = text.plist.xml; path = Info.plist; sourceTree = "<group>"; };
		635756D42032998D0027909E /* CardInfoViewControlle.swift */ = {isa = PBXFileReference; lastKnownFileType = sourcecode.swift; path = CardInfoViewControlle.swift; sourceTree = "<group>"; };
		71C570902033572400284040 /* ServantPhotoCell.swift */ = {isa = PBXFileReference; lastKnownFileType = sourcecode.swift; path = ServantPhotoCell.swift; sourceTree = "<group>"; };
		71F9942D202A0894009147E0 /* CardViewController.swift */ = {isa = PBXFileReference; lastKnownFileType = sourcecode.swift; path = CardViewController.swift; sourceTree = "<group>"; };
		71F99431202EFED2009147E0 /* CardCell.swift */ = {isa = PBXFileReference; lastKnownFileType = sourcecode.swift; path = CardCell.swift; sourceTree = "<group>"; };
/* End PBXFileReference section */

/* Begin PBXFrameworksBuildPhase section */
		6325AB5120295FD200D7672D /* Frameworks */ = {
			isa = PBXFrameworksBuildPhase;
			buildActionMask = 2147483647;
			files = (
			);
			runOnlyForDeploymentPostprocessing = 0;
		};
/* End PBXFrameworksBuildPhase section */

/* Begin PBXGroup section */
		6325AB4B20295FD200D7672D = {
			isa = PBXGroup;
			children = (
				6325AB5620295FD200D7672D /* FGOFinder */,
				6325AB5520295FD200D7672D /* Products */,
			);
			sourceTree = "<group>";
		};
		6325AB5520295FD200D7672D /* Products */ = {
			isa = PBXGroup;
			children = (
				6325AB5420295FD200D7672D /* FGOFinder.app */,
			);
			name = Products;
			sourceTree = "<group>";
		};
		6325AB5620295FD200D7672D /* FGOFinder */ = {
			isa = PBXGroup;
			children = (
				6325AB5720295FD200D7672D /* AppDelegate.swift */,
				71F9942D202A0894009147E0 /* CardViewController.swift */,
				71F99431202EFED2009147E0 /* CardCell.swift */,
				635756D42032998D0027909E /* CardInfoViewControlle.swift */,
				71C570902033572400284040 /* ServantPhotoCell.swift */,
				6319F63B203EA7F2001BEE5A /* LayoutFormula.swift */,
				6325AB6020295FD200D7672D /* Assets.xcassets */,
				6325AB6220295FD200D7672D /* LaunchScreen.storyboard */,
				6325AB6520295FD200D7672D /* Info.plist */,
			);
			path = FGOFinder;
			sourceTree = "<group>";
		};
/* End PBXGroup section */

/* Begin PBXNativeTarget section */
		6325AB5320295FD200D7672D /* FGOFinder */ = {
			isa = PBXNativeTarget;
			buildConfigurationList = 6325AB6820295FD200D7672D /* Build configuration list for PBXNativeTarget "FGOFinder" */;
			buildPhases = (
				6325AB5020295FD200D7672D /* Sources */,
				6325AB5120295FD200D7672D /* Frameworks */,
				6325AB5220295FD200D7672D /* Resources */,
			);
			buildRules = (
			);
			dependencies = (
			);
			name = FGOFinder;
			productName = FGOFinder;
			productReference = 6325AB5420295FD200D7672D /* FGOFinder.app */;
			productType = "com.apple.product-type.application";
		};
/* End PBXNativeTarget section */

/* Begin PBXProject section */
		6325AB4C20295FD200D7672D /* Project object */ = {
			isa = PBXProject;
			attributes = {
				LastSwiftUpdateCheck = 0920;
				LastUpgradeCheck = 0920;
				ORGANIZATIONNAME = okami3363;
				TargetAttributes = {
					6325AB5320295FD200D7672D = {
						CreatedOnToolsVersion = 9.2;
						ProvisioningStyle = Automatic;
					};
				};
			};
			buildConfigurationList = 6325AB4F20295FD200D7672D /* Build configuration list for PBXProject "FGOFinder" */;
			compatibilityVersion = "Xcode 8.0";
			developmentRegion = en;
			hasScannedForEncodings = 0;
			knownRegions = (
				en,
				Base,
			);
			mainGroup = 6325AB4B20295FD200D7672D;
			productRefGroup = 6325AB5520295FD200D7672D /* Products */;
			projectDirPath = "";
			projectRoot = "";
			targets = (
				6325AB5320295FD200D7672D /* FGOFinder */,
			);
		};
/* End PBXProject section */

/* Begin PBXResourcesBuildPhase section */
		6325AB5220295FD200D7672D /* Resources */ = {
			isa = PBXResourcesBuildPhase;
			buildActionMask = 2147483647;
			files = (
				6325AB6420295FD200D7672D /* LaunchScreen.storyboard in Resources */,
				6325AB6120295FD200D7672D /* Assets.xcassets in Resources */,
			);
			runOnlyForDeploymentPostprocessing = 0;
		};
/* End PBXResourcesBuildPhase section */

/* Begin PBXSourcesBuildPhase section */
		6325AB5020295FD200D7672D /* Sources */ = {
			isa = PBXSourcesBuildPhase;
			buildActionMask = 2147483647;
			files = (
				635756D52032998D0027909E /* CardInfoViewControlle.swift in Sources */,
				71F9942E202A0894009147E0 /* CardViewController.swift in Sources */,
				6319F63C203EA7F2001BEE5A /* LayoutFormula.swift in Sources */,
				71C570912033572400284040 /* ServantPhotoCell.swift in Sources */,
				6325AB5820295FD200D7672D /* AppDelegate.swift in Sources */,
				71F99432202EFED2009147E0 /* CardCell.swift in Sources */,
			);
			runOnlyForDeploymentPostprocessing = 0;
		};
/* End PBXSourcesBuildPhase section */

/* Begin PBXVariantGroup section */
		6325AB6220295FD200D7672D /* LaunchScreen.storyboard */ = {
			isa = PBXVariantGroup;
			children = (
				6325AB6320295FD200D7672D /* Base */,
			);
			name = LaunchScreen.storyboard;
			sourceTree = "<group>";
		};
/* End PBXVariantGroup section */

/* Begin XCBuildConfiguration section */
		6325AB6620295FD200D7672D /* Debug */ = {
			isa = XCBuildConfiguration;
			buildSettings = {
				ALWAYS_SEARCH_USER_PATHS = NO;
				CLANG_ANALYZER_NONNULL = YES;
				CLANG_ANALYZER_NUMBER_OBJECT_CONVERSION = YES_AGGRESSIVE;
				CLANG_CXX_LANGUAGE_STANDARD = "gnu++14";
				CLANG_CXX_LIBRARY = "libc++";
				CLANG_ENABLE_MODULES = YES;
				CLANG_ENABLE_OBJC_ARC = YES;
				CLANG_WARN_BLOCK_CAPTURE_AUTORELEASING = YES;
				CLANG_WARN_BOOL_CONVERSION = YES;
				CLANG_WARN_COMMA = YES;
				CLANG_WARN_CONSTANT_CONVERSION = YES;
				CLANG_WARN_DIRECT_OBJC_ISA_USAGE = YES_ERROR;
				CLANG_WARN_DOCUMENTATION_COMMENTS = YES;
				CLANG_WARN_EMPTY_BODY = YES;
				CLANG_WARN_ENUM_CONVERSION = YES;
				CLANG_WARN_INFINITE_RECURSION = YES;
				CLANG_WARN_INT_CONVERSION = YES;
				CLANG_WARN_NON_LITERAL_NULL_CONVERSION = YES;
				CLANG_WARN_OBJC_LITERAL_CONVERSION = YES;
				CLANG_WARN_OBJC_ROOT_CLASS = YES_ERROR;
				CLANG_WARN_RANGE_LOOP_ANALYSIS = YES;
				CLANG_WARN_STRICT_PROTOTYPES = YES;
				CLANG_WARN_SUSPICIOUS_MOVE = YES;
				CLANG_WARN_UNGUARDED_AVAILABILITY = YES_AGGRESSIVE;
				CLANG_WARN_UNREACHABLE_CODE = YES;
				CLANG_WARN__DUPLICATE_METHOD_MATCH = YES;
				CODE_SIGN_IDENTITY = "iPhone Developer";
				COPY_PHASE_STRIP = NO;
				DEBUG_INFORMATION_FORMAT = dwarf;
				ENABLE_STRICT_OBJC_MSGSEND = YES;
				ENABLE_TESTABILITY = YES;
				GCC_C_LANGUAGE_STANDARD = gnu11;
				GCC_DYNAMIC_NO_PIC = NO;
				GCC_NO_COMMON_BLOCKS = YES;
				GCC_OPTIMIZATION_LEVEL = 0;
				GCC_PREPROCESSOR_DEFINITIONS = (
					"DEBUG=1",
					"$(inherited)",
				);
				GCC_WARN_64_TO_32_BIT_CONVERSION = YES;
				GCC_WARN_ABOUT_RETURN_TYPE = YES_ERROR;
				GCC_WARN_UNDECLARED_SELECTOR = YES;
				GCC_WARN_UNINITIALIZED_AUTOS = YES_AGGRESSIVE;
				GCC_WARN_UNUSED_FUNCTION = YES;
				GCC_WARN_UNUSED_VARIABLE = YES;
				IPHONEOS_DEPLOYMENT_TARGET = 11.2;
				MTL_ENABLE_DEBUG_INFO = YES;
				ONLY_ACTIVE_ARCH = YES;
				SDKROOT = iphoneos;
				SWIFT_ACTIVE_COMPILATION_CONDITIONS = DEBUG;
				SWIFT_OPTIMIZATION_LEVEL = "-Onone";
			};
			name = Debug;
		};
		6325AB6720295FD200D7672D /* Release */ = {
			isa = XCBuildConfiguration;
			buildSettings = {
				ALWAYS_SEARCH_USER_PATHS = NO;
				CLANG_ANALYZER_NONNULL = YES;
				CLANG_ANALYZER_NUMBER_OBJECT_CONVERSION = YES_AGGRESSIVE;
				CLANG_CXX_LANGUAGE_STANDARD = "gnu++14";
				CLANG_CXX_LIBRARY = "libc++";
				CLANG_ENABLE_MODULES = YES;
				CLANG_ENABLE_OBJC_ARC = YES;
				CLANG_WARN_BLOCK_CAPTURE_AUTORELEASING = YES;
				CLANG_WARN_BOOL_CONVERSION = YES;
				CLANG_WARN_COMMA = YES;
				CLANG_WARN_CONSTANT_CONVERSION = YES;
				CLANG_WARN_DIRECT_OBJC_ISA_USAGE = YES_ERROR;
				CLANG_WARN_DOCUMENTATION_COMMENTS = YES;
				CLANG_WARN_EMPTY_BODY = YES;
				CLANG_WARN_ENUM_CONVERSION = YES;
				CLANG_WARN_INFINITE_RECURSION = YES;
				CLANG_WARN_INT_CONVERSION = YES;
				CLANG_WARN_NON_LITERAL_NULL_CONVERSION = YES;
				CLANG_WARN_OBJC_LITERAL_CONVERSION = YES;
				CLANG_WARN_OBJC_ROOT_CLASS = YES_ERROR;
				CLANG_WARN_RANGE_LOOP_ANALYSIS = YES;
				CLANG_WARN_STRICT_PROTOTYPES = YES;
				CLANG_WARN_SUSPICIOUS_MOVE = YES;
				CLANG_WARN_UNGUARDED_AVAILABILITY = YES_AGGRESSIVE;
				CLANG_WARN_UNREACHABLE_CODE = YES;
				CLANG_WARN__DUPLICATE_METHOD_MATCH = YES;
				CODE_SIGN_IDENTITY = "iPhone Developer";
				COPY_PHASE_STRIP = NO;
				DEBUG_INFORMATION_FORMAT = "dwarf-with-dsym";
				ENABLE_NS_ASSERTIONS = NO;
				ENABLE_STRICT_OBJC_MSGSEND = YES;
				GCC_C_LANGUAGE_STANDARD = gnu11;
				GCC_NO_COMMON_BLOCKS = YES;
				GCC_WARN_64_TO_32_BIT_CONVERSION = YES;
				GCC_WARN_ABOUT_RETURN_TYPE = YES_ERROR;
				GCC_WARN_UNDECLARED_SELECTOR = YES;
				GCC_WARN_UNINITIALIZED_AUTOS = YES_AGGRESSIVE;
				GCC_WARN_UNUSED_FUNCTION = YES;
				GCC_WARN_UNUSED_VARIABLE = YES;
				IPHONEOS_DEPLOYMENT_TARGET = 11.2;
				MTL_ENABLE_DEBUG_INFO = NO;
				SDKROOT = iphoneos;
				SWIFT_OPTIMIZATION_LEVEL = "-Owholemodule";
				VALIDATE_PRODUCT = YES;
			};
			name = Release;
		};
		6325AB6920295FD200D7672D /* Debug */ = {
			isa = XCBuildConfiguration;
			buildSettings = {
				ASSETCATALOG_COMPILER_APPICON_NAME = AppIcon;
				CODE_SIGN_STYLE = Automatic;
				DEVELOPMENT_TEAM = P6VW4F8FQT;
				INFOPLIST_FILE = FGOFinder/Info.plist;
				LD_RUNPATH_SEARCH_PATHS = "$(inherited) @executable_path/Frameworks";
				PRODUCT_BUNDLE_IDENTIFIER = com.okami3363.FGOFinder;
				PRODUCT_NAME = "$(TARGET_NAME)";
				SWIFT_VERSION = 4.0;
				TARGETED_DEVICE_FAMILY = "1,2";
			};
			name = Debug;
		};
		6325AB6A20295FD200D7672D /* Release */ = {
			isa = XCBuildConfiguration;
			buildSettings = {
				ASSETCATALOG_COMPILER_APPICON_NAME = AppIcon;
				CODE_SIGN_STYLE = Automatic;
				DEVELOPMENT_TEAM = P6VW4F8FQT;
				INFOPLIST_FILE = FGOFinder/Info.plist;
				LD_RUNPATH_SEARCH_PATHS = "$(inherited) @executable_path/Frameworks";
				PRODUCT_BUNDLE_IDENTIFIER = com.okami3363.FGOFinder;
				PRODUCT_NAME = "$(TARGET_NAME)";
				SWIFT_VERSION = 4.0;
				TARGETED_DEVICE_FAMILY = "1,2";
			};
			name = Release;
		};
/* End XCBuildConfiguration section */

/* Begin XCConfigurationList section */
		6325AB4F20295FD200D7672D /* Build configuration list for PBXProject "FGOFinder" */ = {
			isa = XCConfigurationList;
			buildConfigurations = (
				6325AB6620295FD200D7672D /* Debug */,
				6325AB6720295FD200D7672D /* Release */,
			);
			defaultConfigurationIsVisible = 0;
			defaultConfigurationName = Release;
		};
		6325AB6820295FD200D7672D /* Build configuration list for PBXNativeTarget "FGOFinder" */ = {
			isa = XCConfigurationList;
			buildConfigurations = (
				6325AB6920295FD200D7672D /* Debug */,
				6325AB6A20295FD200D7672D /* Release */,
			);
			defaultConfigurationIsVisible = 0;
			defaultConfigurationName = Release;
		};
/* End XCConfigurationList section */
	};
	rootObject = 6325AB4C20295FD200D7672D /* Project object */;
}
